// !$*UTF8*$!
{
	archiveVersion = 1;
	classes = {
	};
	objectVersion = 50;
	objects = {

/* Begin PBXBuildFile section */
		9FC04A9E217F55E9004B919A /* AppDelegate.swift in Sources */ = {isa = PBXBuildFile; fileRef = 9FC04A9D217F55E9004B919A /* AppDelegate.swift */; };
		9FC04AA0217F55E9004B919A /* ViewController.swift in Sources */ = {isa = PBXBuildFile; fileRef = 9FC04A9F217F55E9004B919A /* ViewController.swift */; };
		9FC04AA3217F55E9004B919A /* Main.storyboard in Resources */ = {isa = PBXBuildFile; fileRef = 9FC04AA1217F55E9004B919A /* Main.storyboard */; };
		9FC04AA5217F55EA004B919A /* Assets.xcassets in Resources */ = {isa = PBXBuildFile; fileRef = 9FC04AA4217F55EA004B919A /* Assets.xcassets */; };
		9FC04AA8217F55EA004B919A /* LaunchScreen.storyboard in Resources */ = {isa = PBXBuildFile; fileRef = 9FC04AA6217F55EA004B919A /* LaunchScreen.storyboard */; };
		9FC04AB0217F5B98004B919A /* addController.swift in Sources */ = {isa = PBXBuildFile; fileRef = 9FC04AAF217F5B98004B919A /* addController.swift */; };
		9FC04AB2217F5C63004B919A /* add.swift in Sources */ = {isa = PBXBuildFile; fileRef = 9FC04AB1217F5C63004B919A /* add.swift */; };
/* End PBXBuildFile section */

/* Begin PBXFileReference section */
		9FC04A9A217F55E9004B919A /* supermemo.app */ = {isa = PBXFileReference; explicitFileType = wrapper.application; includeInIndex = 0; path = supermemo.app; sourceTree = BUILT_PRODUCTS_DIR; };
		9FC04A9D217F55E9004B919A /* AppDelegate.swift */ = {isa = PBXFileReference; lastKnownFileType = sourcecode.swift; path = AppDelegate.swift; sourceTree = "<group>"; };
		9FC04A9F217F55E9004B919A /* ViewController.swift */ = {isa = PBXFileReference; lastKnownFileType = sourcecode.swift; path = ViewController.swift; sourceTree = "<group>"; };
		9FC04AA2217F55E9004B919A /* Base */ = {isa = PBXFileReference; lastKnownFileType = file.storyboard; name = Base; path = Base.lproj/Main.storyboard; sourceTree = "<group>"; };
		9FC04AA4217F55EA004B919A /* Assets.xcassets */ = {isa = PBXFileReference; lastKnownFileType = folder.assetcatalog; path = Assets.xcassets; sourceTree = "<group>"; };
		9FC04AA7217F55EA004B919A /* Base */ = {isa = PBXFileReference; lastKnownFileType = file.storyboard; name = Base; path = Base.lproj/LaunchScreen.storyboard; sourceTree = "<group>"; };
		9FC04AA9217F55EA004B919A /* Info.plist */ = {isa = PBXFileReference; lastKnownFileType = text.plist.xml; path = Info.plist; sourceTree = "<group>"; };
		9FC04AAF217F5B98004B919A /* addController.swift */ = {isa = PBXFileReference; lastKnownFileType = sourcecode.swift; path = addController.swift; sourceTree = "<group>"; };
		9FC04AB1217F5C63004B919A /* add.swift */ = {isa = PBXFileReference; lastKnownFileType = sourcecode.swift; path = add.swift; sourceTree = "<group>"; };
/* End PBXFileReference section */

/* Begin PBXFrameworksBuildPhase section */
		9FC04A97217F55E9004B919A /* Frameworks */ = {
			isa = PBXFrameworksBuildPhase;
			buildActionMask = 2147483647;
			files = (
			);
			runOnlyForDeploymentPostprocessing = 0;
		};
/* End PBXFrameworksBuildPhase section */

/* Begin PBXGroup section */
		9FC04A91217F55E9004B919A = {
			isa = PBXGroup;
			children = (
				9FC04A9C217F55E9004B919A /* supermemo */,
				9FC04A9B217F55E9004B919A /* Products */,
			);
			sourceTree = "<group>";
		};
		9FC04A9B217F55E9004B919A /* Products */ = {
			isa = PBXGroup;
			children = (
				9FC04A9A217F55E9004B919A /* supermemo.app */,
			);
			name = Products;
			sourceTree = "<group>";
		};
		9FC04A9C217F55E9004B919A /* supermemo */ = {
			isa = PBXGroup;
			children = (
				9FC04A9D217F55E9004B919A /* AppDelegate.swift */,
				9FC04A9F217F55E9004B919A /* ViewController.swift */,
				9FC04AA1217F55E9004B919A /* Main.storyboard */,
				9FC04AA4217F55EA004B919A /* Assets.xcassets */,
				9FC04AA6217F55EA004B919A /* LaunchScreen.storyboard */,
				9FC04AA9217F55EA004B919A /* Info.plist */,
				9FC04AAF217F5B98004B919A /* addController.swift */,
				9FC04AB1217F5C63004B919A /* add.swift */,
			);
			path = supermemo;
			sourceTree = "<group>";
		};
/* End PBXGroup section */

/* Begin PBXNativeTarget section */
		9FC04A99217F55E9004B919A /* supermemo */ = {
			isa = PBXNativeTarget;
			buildConfigurationList = 9FC04AAC217F55EA004B919A /* Build configuration list for PBXNativeTarget "supermemo" */;
			buildPhases = (
				9FC04A96217F55E9004B919A /* Sources */,
				9FC04A97217F55E9004B919A /* Frameworks */,
				9FC04A98217F55E9004B919A /* Resources */,
			);
			buildRules = (
			);
			dependencies = (
			);
			name = supermemo;
			productName = supermemo;
			productReference = 9FC04A9A217F55E9004B919A /* supermemo.app */;
			productType = "com.apple.product-type.application";
		};
/* End PBXNativeTarget section */

/* Begin PBXProject section */
		9FC04A92217F55E9004B919A /* Project object */ = {
			isa = PBXProject;
			attributes = {
				LastSwiftUpdateCheck = 1000;
				LastUpgradeCheck = 1000;
				ORGANIZATIONNAME = "小泉大夢";
				TargetAttributes = {
					9FC04A99217F55E9004B919A = {
						CreatedOnToolsVersion = 10.0;
					};
				};
			};
			buildConfigurationList = 9FC04A95217F55E9004B919A /* Build configuration list for PBXProject "supermemo" */;
			compatibilityVersion = "Xcode 9.3";
			developmentRegion = en;
			hasScannedForEncodings = 0;
			knownRegions = (
				en,
				Base,
			);
			mainGroup = 9FC04A91217F55E9004B919A;
			productRefGroup = 9FC04A9B217F55E9004B919A /* Products */;
			projectDirPath = "";
			projectRoot = "";
			targets = (
				9FC04A99217F55E9004B919A /* supermemo */,
			);
		};
/* End PBXProject section */

/* Begin PBXResourcesBuildPhase section */
		9FC04A98217F55E9004B919A /* Resources */ = {
			isa = PBXResourcesBuildPhase;
			buildActionMask = 2147483647;
			files = (
				9FC04AA8217F55EA004B919A /* LaunchScreen.storyboard in Resources */,
				9FC04AA5217F55EA004B919A /* Assets.xcassets in Resources */,
				9FC04AA3217F55E9004B919A /* Main.storyboard in Resources */,
			);
			runOnlyForDeploymentPostprocessing = 0;
		};
/* End PBXResourcesBuildPhase section */

/* Begin PBXSourcesBuildPhase section */
		9FC04A96217F55E9004B919A /* Sources */ = {
			isa = PBXSourcesBuildPhase;
			buildActionMask = 2147483647;
			files = (
				9FC04AA0217F55E9004B919A /* ViewController.swift in Sources */,
				9FC04AB2217F5C63004B919A /* add.swift in Sources */,
				9FC04AB0217F5B98004B919A /* addController.swift in Sources */,
				9FC04A9E217F55E9004B919A /* AppDelegate.swift in Sources */,
			);
			runOnlyForDeploymentPostprocessing = 0;
		};
/* End PBXSourcesBuildPhase section */

/* Begin PBXVariantGroup section */
		9FC04AA1217F55E9004B919A /* Main.storyboard */ = {
			isa = PBXVariantGroup;
			children = (
				9FC04AA2217F55E9004B919A /* Base */,
			);
			name = Main.storyboard;
			sourceTree = "<group>";
		};
		9FC04AA6217F55EA004B919A /* LaunchScreen.storyboard */ = {
			isa = PBXVariantGroup;
			children = (
				9FC04AA7217F55EA004B919A /* Base */,
			);
			name = LaunchScreen.storyboard;
			sourceTree = "<group>";
		};
/* End PBXVariantGroup section */

/* Begin XCBuildConfiguration section */
		9FC04AAA217F55EA004B919A /* Debug */ = {
			isa = XCBuildConfiguration;
			buildSettings = {
				ALWAYS_SEARCH_USER_PATHS = NO;
				CLANG_ANALYZER_NONNULL = YES;
				CLANG_ANALYZER_NUMBER_OBJECT_CONVERSION = YES_AGGRESSIVE;
				CLANG_CXX_LANGUAGE_STANDARD = "gnu++14";
				CLANG_CXX_LIBRARY = "libc++";
				CLANG_ENABLE_MODULES = YES;
				CLANG_ENABLE_OBJC_ARC = YES;
				CLANG_ENABLE_OBJC_WEAK = YES;
				CLANG_WARN_BLOCK_CAPTURE_AUTORELEASING = YES;
				CLANG_WARN_BOOL_CONVERSION = YES;
				CLANG_WARN_COMMA = YES;
				CLANG_WARN_CONSTANT_CONVERSION = YES;
				CLANG_WARN_DEPRECATED_OBJC_IMPLEMENTATIONS = YES;
				CLANG_WARN_DIRECT_OBJC_ISA_USAGE = YES_ERROR;
				CLANG_WARN_DOCUMENTATION_COMMENTS = YES;
				CLANG_WARN_EMPTY_BODY = YES;
				CLANG_WARN_ENUM_CONVERSION = YES;
				CLANG_WARN_INFINITE_RECURSION = YES;
				CLANG_WARN_INT_CONVERSION = YES;
				CLANG_WARN_NON_LITERAL_NULL_CONVERSION = YES;
				CLANG_WARN_OBJC_IMPLICIT_RETAIN_SELF = YES;
				CLANG_WARN_OBJC_LITERAL_CONVERSION = YES;
				CLANG_WARN_OBJC_ROOT_CLASS = YES_ERROR;
				CLANG_WARN_RANGE_LOOP_ANALYSIS = YES;
				CLANG_WARN_STRICT_PROTOTYPES = YES;
				CLANG_WARN_SUSPICIOUS_MOVE = YES;
				CLANG_WARN_UNGUARDED_AVAILABILITY = YES_AGGRESSIVE;
				CLANG_WARN_UNREACHABLE_CODE = YES;
				CLANG_WARN__DUPLICATE_METHOD_MATCH = YES;
				CODE_SIGN_IDENTITY = "iPhone Developer";
				COPY_PHASE_STRIP = NO;
				DEBUG_INFORMATION_FORMAT = dwarf;
				ENABLE_STRICT_OBJC_MSGSEND = YES;
				ENABLE_TESTABILITY = YES;
				GCC_C_LANGUAGE_STANDARD = gnu11;
				GCC_DYNAMIC_NO_PIC = NO;
				GCC_NO_COMMON_BLOCKS = YES;
				GCC_OPTIMIZATION_LEVEL = 0;
				GCC_PREPROCESSOR_DEFINITIONS = (
					"DEBUG=1",
					"$(inherited)",
				);
				GCC_WARN_64_TO_32_BIT_CONVERSION = YES;
				GCC_WARN_ABOUT_RETURN_TYPE = YES_ERROR;
				GCC_WARN_UNDECLARED_SELECTOR = YES;
				GCC_WARN_UNINITIALIZED_AUTOS = YES_AGGRESSIVE;
				GCC_WARN_UNUSED_FUNCTION = YES;
				GCC_WARN_UNUSED_VARIABLE = YES;
				IPHONEOS_DEPLOYMENT_TARGET = 12.0;
				MTL_ENABLE_DEBUG_INFO = INCLUDE_SOURCE;
				MTL_FAST_MATH = YES;
				ONLY_ACTIVE_ARCH = YES;
				SDKROOT = iphoneos;
				SWIFT_ACTIVE_COMPILATION_CONDITIONS = DEBUG;
				SWIFT_OPTIMIZATION_LEVEL = "-Onone";
			};
			name = Debug;
		};
		9FC04AAB217F55EA004B919A /* Release */ = {
			isa = XCBuildConfiguration;
			buildSettings = {
				ALWAYS_SEARCH_USER_PATHS = NO;
				CLANG_ANALYZER_NONNULL = YES;
				CLANG_ANALYZER_NUMBER_OBJECT_CONVERSION = YES_AGGRESSIVE;
				CLANG_CXX_LANGUAGE_STANDARD = "gnu++14";
				CLANG_CXX_LIBRARY = "libc++";
				CLANG_ENABLE_MODULES = YES;
				CLANG_ENABLE_OBJC_ARC = YES;
				CLANG_ENABLE_OBJC_WEAK = YES;
				CLANG_WARN_BLOCK_CAPTURE_AUTORELEASING = YES;
				CLANG_WARN_BOOL_CONVERSION = YES;
				CLANG_WARN_COMMA = YES;
				CLANG_WARN_CONSTANT_CONVERSION = YES;
				CLANG_WARN_DEPRECATED_OBJC_IMPLEMENTATIONS = YES;
				CLANG_WARN_DIRECT_OBJC_ISA_USAGE = YES_ERROR;
				CLANG_WARN_DOCUMENTATION_COMMENTS = YES;
				CLANG_WARN_EMPTY_BODY = YES;
				CLANG_WARN_ENUM_CONVERSION = YES;
				CLANG_WARN_INFINITE_RECURSION = YES;
				CLANG_WARN_INT_CONVERSION = YES;
				CLANG_WARN_NON_LITERAL_NULL_CONVERSION = YES;
				CLANG_WARN_OBJC_IMPLICIT_RETAIN_SELF = YES;
				CLANG_WARN_OBJC_LITERAL_CONVERSION = YES;
				CLANG_WARN_OBJC_ROOT_CLASS = YES_ERROR;
				CLANG_WARN_RANGE_LOOP_ANALYSIS = YES;
				CLANG_WARN_STRICT_PROTOTYPES = YES;
				CLANG_WARN_SUSPICIOUS_MOVE = YES;
				CLANG_WARN_UNGUARDED_AVAILABILITY = YES_AGGRESSIVE;
				CLANG_WARN_UNREACHABLE_CODE = YES;
				CLANG_WARN__DUPLICATE_METHOD_MATCH = YES;
				CODE_SIGN_IDENTITY = "iPhone Developer";
				COPY_PHASE_STRIP = NO;
				DEBUG_INFORMATION_FORMAT = "dwarf-with-dsym";
				ENABLE_NS_ASSERTIONS = NO;
				ENABLE_STRICT_OBJC_MSGSEND = YES;
				GCC_C_LANGUAGE_STANDARD = gnu11;
				GCC_NO_COMMON_BLOCKS = YES;
				GCC_WARN_64_TO_32_BIT_CONVERSION = YES;
				GCC_WARN_ABOUT_RETURN_TYPE = YES_ERROR;
				GCC_WARN_UNDECLARED_SELECTOR = YES;
				GCC_WARN_UNINITIALIZED_AUTOS = YES_AGGRESSIVE;
				GCC_WARN_UNUSED_FUNCTION = YES;
				GCC_WARN_UNUSED_VARIABLE = YES;
				IPHONEOS_DEPLOYMENT_TARGET = 12.0;
				MTL_ENABLE_DEBUG_INFO = NO;
				MTL_FAST_MATH = YES;
				SDKROOT = iphoneos;
				SWIFT_COMPILATION_MODE = wholemodule;
				SWIFT_OPTIMIZATION_LEVEL = "-O";
				VALIDATE_PRODUCT = YES;
			};
			name = Release;
		};
		9FC04AAD217F55EA004B919A /* Debug */ = {
			isa = XCBuildConfiguration;
			buildSettings = {
				ASSETCATALOG_COMPILER_APPICON_NAME = AppIcon;
				CODE_SIGN_STYLE = Automatic;
				DEVELOPMENT_TEAM = Z4YRLFNC4B;
				INFOPLIST_FILE = supermemo/Info.plist;
				LD_RUNPATH_SEARCH_PATHS = (
					"$(inherited)",
					"@executable_path/Frameworks",
				);
				PRODUCT_BUNDLE_IDENTIFIER = hiromu.supermemo;
				PRODUCT_NAME = "$(TARGET_NAME)";
				SWIFT_VERSION = 4.2;
				TARGETED_DEVICE_FAMILY = "1,2";
			};
			name = Debug;
		};
		9FC04AAE217F55EA004B919A /* Release */ = {
			isa = XCBuildConfiguration;
			buildSettings = {
				ASSETCATALOG_COMPILER_APPICON_NAME = AppIcon;
				CODE_SIGN_STYLE = Automatic;
				DEVELOPMENT_TEAM = Z4YRLFNC4B;
				INFOPLIST_FILE = supermemo/Info.plist;
				LD_RUNPATH_SEARCH_PATHS = (
					"$(inherited)",
					"@executable_path/Frameworks",
				);
				PRODUCT_BUNDLE_IDENTIFIER = hiromu.supermemo;
				PRODUCT_NAME = "$(TARGET_NAME)";
				SWIFT_VERSION = 4.2;
				TARGETED_DEVICE_FAMILY = "1,2";
			};
			name = Release;
		};
/* End XCBuildConfiguration section */

/* Begin XCConfigurationList section */
		9FC04A95217F55E9004B919A /* Build configuration list for PBXProject "supermemo" */ = {
			isa = XCConfigurationList;
			buildConfigurations = (
				9FC04AAA217F55EA004B919A /* Debug */,
				9FC04AAB217F55EA004B919A /* Release */,
			);
			defaultConfigurationIsVisible = 0;
			defaultConfigurationName = Release;
		};
		9FC04AAC217F55EA004B919A /* Build configuration list for PBXNativeTarget "supermemo" */ = {
			isa = XCConfigurationList;
			buildConfigurations = (
				9FC04AAD217F55EA004B919A /* Debug */,
				9FC04AAE217F55EA004B919A /* Release */,
			);
			defaultConfigurationIsVisible = 0;
			defaultConfigurationName = Release;
		};
/* End XCConfigurationList section */
	};
	rootObject = 9FC04A92217F55E9004B919A /* Project object */;
}
